
Microsoft Visual Studio Solution File, Format Version 12.00
# Visual Studio Version 16
VisualStudioVersion = 16.0.30114.105
MinimumVisualStudioVersion = 10.0.40219.1
Project("{FAE04EC0-301F-11D3-BF4B-00C04F79EFBC}") = "Common", "Common\Common.csproj", "{E232125E-D923-4A15-8353-98F617770656}"
EndProject
Project("{FAE04EC0-301F-11D3-BF4B-00C04F79EFBC}") = "Day04", "Day04\Day04.csproj", "{9ADCCF8A-9C8F-4AF9-962C-70686FBD92EB}"
EndProject
Project("{2150E333-8FDC-42A3-9474-1A3956D46DE8}") = "Day04", "Day04", "{FE64AA63-1976-43ED-9B7C-83142705803E}"
EndProject
Project("{FAE04EC0-301F-11D3-BF4B-00C04F79EFBC}") = "tests", "Day04\tests\tests.csproj", "{AC6DCAD9-FF02-4227-AA8D-7791CBD30ACF}"
EndProject
Project("{FAE04EC0-301F-11D3-BF4B-00C04F79EFBC}") = "Day05", "Day05\Day05.csproj", "{A9D7EA4B-6C26-46C3-82AC-ACE967BDC079}"
EndProject
Project("{2150E333-8FDC-42A3-9474-1A3956D46DE8}") = "Day05", "Day05", "{66D4F82B-2425-4C28-AC46-B5F68B118270}"
EndProject
Project("{FAE04EC0-301F-11D3-BF4B-00C04F79EFBC}") = "tests", "Day05\tests\tests.csproj", "{BB827E76-A6D5-422B-8383-3A28691D22EA}"
EndProject
Global
	GlobalSection(SolutionConfigurationPlatforms) = preSolution
		Debug|Any CPU = Debug|Any CPU
		Release|Any CPU = Release|Any CPU
	EndGlobalSection
	GlobalSection(SolutionProperties) = preSolution
		HideSolutionNode = FALSE
	EndGlobalSection
	GlobalSection(ProjectConfigurationPlatforms) = postSolution
		{E232125E-D923-4A15-8353-98F617770656}.Debug|Any CPU.ActiveCfg = Debug|Any CPU
		{E232125E-D923-4A15-8353-98F617770656}.Debug|Any CPU.Build.0 = Debug|Any CPU
		{E232125E-D923-4A15-8353-98F617770656}.Release|Any CPU.ActiveCfg = Release|Any CPU
		{E232125E-D923-4A15-8353-98F617770656}.Release|Any CPU.Build.0 = Release|Any CPU
		{9ADCCF8A-9C8F-4AF9-962C-70686FBD92EB}.Debug|Any CPU.ActiveCfg = Debug|Any CPU
		{9ADCCF8A-9C8F-4AF9-962C-70686FBD92EB}.Debug|Any CPU.Build.0 = Debug|Any CPU
		{9ADCCF8A-9C8F-4AF9-962C-70686FBD92EB}.Release|Any CPU.ActiveCfg = Release|Any CPU
		{9ADCCF8A-9C8F-4AF9-962C-70686FBD92EB}.Release|Any CPU.Build.0 = Release|Any CPU
		{AC6DCAD9-FF02-4227-AA8D-7791CBD30ACF}.Debug|Any CPU.ActiveCfg = Debug|Any CPU
		{AC6DCAD9-FF02-4227-AA8D-7791CBD30ACF}.Debug|Any CPU.Build.0 = Debug|Any CPU
		{AC6DCAD9-FF02-4227-AA8D-7791CBD30ACF}.Release|Any CPU.ActiveCfg = Release|Any CPU
		{AC6DCAD9-FF02-4227-AA8D-7791CBD30ACF}.Release|Any CPU.Build.0 = Release|Any CPU
		{A9D7EA4B-6C26-46C3-82AC-ACE967BDC079}.Debug|Any CPU.ActiveCfg = Debug|Any CPU
		{A9D7EA4B-6C26-46C3-82AC-ACE967BDC079}.Debug|Any CPU.Build.0 = Debug|Any CPU
		{A9D7EA4B-6C26-46C3-82AC-ACE967BDC079}.Release|Any CPU.ActiveCfg = Release|Any CPU
		{A9D7EA4B-6C26-46C3-82AC-ACE967BDC079}.Release|Any CPU.Build.0 = Release|Any CPU
		{BB827E76-A6D5-422B-8383-3A28691D22EA}.Debug|Any CPU.ActiveCfg = Debug|Any CPU
		{BB827E76-A6D5-422B-8383-3A28691D22EA}.Debug|Any CPU.Build.0 = Debug|Any CPU
		{BB827E76-A6D5-422B-8383-3A28691D22EA}.Release|Any CPU.ActiveCfg = Release|Any CPU
		{BB827E76-A6D5-422B-8383-3A28691D22EA}.Release|Any CPU.Build.0 = Release|Any CPU
	EndGlobalSection
	GlobalSection(NestedProjects) = preSolution
		{AC6DCAD9-FF02-4227-AA8D-7791CBD30ACF} = {FE64AA63-1976-43ED-9B7C-83142705803E}
		{BB827E76-A6D5-422B-8383-3A28691D22EA} = {66D4F82B-2425-4C28-AC46-B5F68B118270}
	EndGlobalSection
EndGlobal
