
Microsoft Visual Studio Solution File, Format Version 12.00
# Visual Studio Version 16
VisualStudioVersion = 16.0.30114.105
MinimumVisualStudioVersion = 10.0.40219.1
Project("{FAE04EC0-301F-11D3-BF4B-00C04F79EFBC}") = "Common", "Common\Common.csproj", "{E232125E-D923-4A15-8353-98F617770656}"
EndProject
Project("{2150E333-8FDC-42A3-9474-1A3956D46DE8}") = "Day13", "Day13", "{CCA716AA-4E54-4926-B592-ED8DBEA8D4EF}"
EndProject
Project("{FAE04EC0-301F-11D3-BF4B-00C04F79EFBC}") = "tests", "Day13\tests\tests.csproj", "{F2E93113-D67A-402E-BDDF-FED05F01A197}"
EndProject
Global
	GlobalSection(SolutionConfigurationPlatforms) = preSolution
		Debug|Any CPU = Debug|Any CPU
		Release|Any CPU = Release|Any CPU
	EndGlobalSection
	GlobalSection(SolutionProperties) = preSolution
		HideSolutionNode = FALSE
	EndGlobalSection
	GlobalSection(ProjectConfigurationPlatforms) = postSolution
		{E232125E-D923-4A15-8353-98F617770656}.Debug|Any CPU.ActiveCfg = Debug|Any CPU
		{E232125E-D923-4A15-8353-98F617770656}.Debug|Any CPU.Build.0 = Debug|Any CPU
		{E232125E-D923-4A15-8353-98F617770656}.Release|Any CPU.ActiveCfg = Release|Any CPU
		{E232125E-D923-4A15-8353-98F617770656}.Release|Any CPU.Build.0 = Release|Any CPU
		{F2E93113-D67A-402E-BDDF-FED05F01A197}.Debug|Any CPU.ActiveCfg = Debug|Any CPU
		{F2E93113-D67A-402E-BDDF-FED05F01A197}.Debug|Any CPU.Build.0 = Debug|Any CPU
		{F2E93113-D67A-402E-BDDF-FED05F01A197}.Release|Any CPU.ActiveCfg = Release|Any CPU
		{F2E93113-D67A-402E-BDDF-FED05F01A197}.Release|Any CPU.Build.0 = Release|Any CPU
	EndGlobalSection
	GlobalSection(NestedProjects) = preSolution
		{F2E93113-D67A-402E-BDDF-FED05F01A197} = {CCA716AA-4E54-4926-B592-ED8DBEA8D4EF}
	EndGlobalSection
EndGlobal
